// !$*UTF8*$!
{
	archiveVersion = 1;
	classes = {
	};
	objectVersion = 56;
	objects = {

/* Begin PBXBuildFile section */
		9895E18D29F2374000CFB30B /* AppDelegate.swift in Sources */ = {isa = PBXBuildFile; fileRef = 9895E18C29F2374000CFB30B /* AppDelegate.swift */; };
		9895E18F29F2374000CFB30B /* SceneDelegate.swift in Sources */ = {isa = PBXBuildFile; fileRef = 9895E18E29F2374000CFB30B /* SceneDelegate.swift */; };
		9895E19129F2374000CFB30B /* RMTabBarViewController.swift in Sources */ = {isa = PBXBuildFile; fileRef = 9895E19029F2374000CFB30B /* RMTabBarViewController.swift */; };
		9895E19629F2374100CFB30B /* Assets.xcassets in Resources */ = {isa = PBXBuildFile; fileRef = 9895E19529F2374100CFB30B /* Assets.xcassets */; };
		9895E19929F2374100CFB30B /* LaunchScreen.storyboard in Resources */ = {isa = PBXBuildFile; fileRef = 9895E19729F2374100CFB30B /* LaunchScreen.storyboard */; };
		9895E1A829F23E5700CFB30B /* RMLocation.swift in Sources */ = {isa = PBXBuildFile; fileRef = 9895E1A729F23E5700CFB30B /* RMLocation.swift */; };
		9895E1AA29F23E6E00CFB30B /* RMCharacter.swift in Sources */ = {isa = PBXBuildFile; fileRef = 9895E1A929F23E6E00CFB30B /* RMCharacter.swift */; };
		9895E1AC29F23E8400CFB30B /* RMEpisode.swift in Sources */ = {isa = PBXBuildFile; fileRef = 9895E1AB29F23E8400CFB30B /* RMEpisode.swift */; };
		9895E1B029F23F9300CFB30B /* RMCharacterViewController.swift in Sources */ = {isa = PBXBuildFile; fileRef = 9895E1AE29F23F9300CFB30B /* RMCharacterViewController.swift */; };
		9895E1B329F23FB700CFB30B /* RMLocationViewController.swift in Sources */ = {isa = PBXBuildFile; fileRef = 9895E1B229F23FB700CFB30B /* RMLocationViewController.swift */; };
		9895E1B529F23FCA00CFB30B /* RMEpisodeViewController.swift in Sources */ = {isa = PBXBuildFile; fileRef = 9895E1B429F23FCA00CFB30B /* RMEpisodeViewController.swift */; };
		9895E1B729F23FDE00CFB30B /* RMSettingViewController.swift in Sources */ = {isa = PBXBuildFile; fileRef = 9895E1B629F23FDD00CFB30B /* RMSettingViewController.swift */; };
		9895E1B929F24B7F00CFB30B /* RMService.swift in Sources */ = {isa = PBXBuildFile; fileRef = 9895E1B829F24B7F00CFB30B /* RMService.swift */; };
		9895E1BC29F24BC500CFB30B /* RMRequest.swift in Sources */ = {isa = PBXBuildFile; fileRef = 9895E1BB29F24BC500CFB30B /* RMRequest.swift */; };
		9895E1BE29F24DC800CFB30B /* RMEndpoint.swift in Sources */ = {isa = PBXBuildFile; fileRef = 9895E1BD29F24DC800CFB30B /* RMEndpoint.swift */; };
		9895E1C129F2638100CFB30B /* RMOrigin.swift in Sources */ = {isa = PBXBuildFile; fileRef = 9895E1C029F2638100CFB30B /* RMOrigin.swift */; };
		9895E1C329F2638E00CFB30B /* RMSingleLocation.swift in Sources */ = {isa = PBXBuildFile; fileRef = 9895E1C229F2638E00CFB30B /* RMSingleLocation.swift */; };
		9895E1C529F2659300CFB30B /* RMCharacterStatus.swift in Sources */ = {isa = PBXBuildFile; fileRef = 9895E1C429F2659300CFB30B /* RMCharacterStatus.swift */; };
		9895E1C729F265DD00CFB30B /* RMCharacterGender.swift in Sources */ = {isa = PBXBuildFile; fileRef = 9895E1C629F265DD00CFB30B /* RMCharacterGender.swift */; };
		9895E1CB29F2866B00CFB30B /* RMGetAllCharactersResponse.swift in Sources */ = {isa = PBXBuildFile; fileRef = 9895E1CA29F2866B00CFB30B /* RMGetAllCharactersResponse.swift */; };
		9895E1CD29F28DAF00CFB30B /* RMCharacterListViewViewModel.swift in Sources */ = {isa = PBXBuildFile; fileRef = 9895E1CC29F28DAF00CFB30B /* RMCharacterListViewViewModel.swift */; };
		9895E1CF29F2945900CFB30B /* RMCharacterListView.swift in Sources */ = {isa = PBXBuildFile; fileRef = 9895E1CE29F2945900CFB30B /* RMCharacterListView.swift */; };
		9895E1D229F61DE900CFB30B /* Extensions.swift in Sources */ = {isa = PBXBuildFile; fileRef = 9895E1D129F61DE900CFB30B /* Extensions.swift */; };
		9895E1D429F62E2100CFB30B /* RMCharacterCollectionViewCell.swift in Sources */ = {isa = PBXBuildFile; fileRef = 9895E1D329F62E2100CFB30B /* RMCharacterCollectionViewCell.swift */; };
		9895E1D629F62FB600CFB30B /* RMCharacterCollectionViewCellViewModel.swift in Sources */ = {isa = PBXBuildFile; fileRef = 9895E1D529F62FB600CFB30B /* RMCharacterCollectionViewCellViewModel.swift */; };
/* End PBXBuildFile section */

/* Begin PBXFileReference section */
		9895E18929F2374000CFB30B /* RickAndMorty.app */ = {isa = PBXFileReference; explicitFileType = wrapper.application; includeInIndex = 0; path = RickAndMorty.app; sourceTree = BUILT_PRODUCTS_DIR; };
		9895E18C29F2374000CFB30B /* AppDelegate.swift */ = {isa = PBXFileReference; lastKnownFileType = sourcecode.swift; path = AppDelegate.swift; sourceTree = "<group>"; };
		9895E18E29F2374000CFB30B /* SceneDelegate.swift */ = {isa = PBXFileReference; lastKnownFileType = sourcecode.swift; path = SceneDelegate.swift; sourceTree = "<group>"; };
		9895E19029F2374000CFB30B /* RMTabBarViewController.swift */ = {isa = PBXFileReference; lastKnownFileType = sourcecode.swift; path = RMTabBarViewController.swift; sourceTree = "<group>"; };
		9895E19529F2374100CFB30B /* Assets.xcassets */ = {isa = PBXFileReference; lastKnownFileType = folder.assetcatalog; path = Assets.xcassets; sourceTree = "<group>"; };
		9895E19829F2374100CFB30B /* Base */ = {isa = PBXFileReference; lastKnownFileType = file.storyboard; name = Base; path = Base.lproj/LaunchScreen.storyboard; sourceTree = "<group>"; };
		9895E19A29F2374100CFB30B /* Info.plist */ = {isa = PBXFileReference; lastKnownFileType = text.plist.xml; path = Info.plist; sourceTree = "<group>"; };
		9895E1A729F23E5700CFB30B /* RMLocation.swift */ = {isa = PBXFileReference; lastKnownFileType = sourcecode.swift; path = RMLocation.swift; sourceTree = "<group>"; };
		9895E1A929F23E6E00CFB30B /* RMCharacter.swift */ = {isa = PBXFileReference; lastKnownFileType = sourcecode.swift; path = RMCharacter.swift; sourceTree = "<group>"; };
		9895E1AB29F23E8400CFB30B /* RMEpisode.swift */ = {isa = PBXFileReference; lastKnownFileType = sourcecode.swift; path = RMEpisode.swift; sourceTree = "<group>"; };
		9895E1AE29F23F9300CFB30B /* RMCharacterViewController.swift */ = {isa = PBXFileReference; lastKnownFileType = sourcecode.swift; path = RMCharacterViewController.swift; sourceTree = "<group>"; };
		9895E1B229F23FB700CFB30B /* RMLocationViewController.swift */ = {isa = PBXFileReference; lastKnownFileType = sourcecode.swift; path = RMLocationViewController.swift; sourceTree = "<group>"; };
		9895E1B429F23FCA00CFB30B /* RMEpisodeViewController.swift */ = {isa = PBXFileReference; lastKnownFileType = sourcecode.swift; path = RMEpisodeViewController.swift; sourceTree = "<group>"; };
		9895E1B629F23FDD00CFB30B /* RMSettingViewController.swift */ = {isa = PBXFileReference; lastKnownFileType = sourcecode.swift; path = RMSettingViewController.swift; sourceTree = "<group>"; };
		9895E1B829F24B7F00CFB30B /* RMService.swift */ = {isa = PBXFileReference; lastKnownFileType = sourcecode.swift; path = RMService.swift; sourceTree = "<group>"; };
		9895E1BB29F24BC500CFB30B /* RMRequest.swift */ = {isa = PBXFileReference; lastKnownFileType = sourcecode.swift; path = RMRequest.swift; sourceTree = "<group>"; };
		9895E1BD29F24DC800CFB30B /* RMEndpoint.swift */ = {isa = PBXFileReference; lastKnownFileType = sourcecode.swift; path = RMEndpoint.swift; sourceTree = "<group>"; };
		9895E1C029F2638100CFB30B /* RMOrigin.swift */ = {isa = PBXFileReference; lastKnownFileType = sourcecode.swift; path = RMOrigin.swift; sourceTree = "<group>"; };
		9895E1C229F2638E00CFB30B /* RMSingleLocation.swift */ = {isa = PBXFileReference; lastKnownFileType = sourcecode.swift; path = RMSingleLocation.swift; sourceTree = "<group>"; };
		9895E1C429F2659300CFB30B /* RMCharacterStatus.swift */ = {isa = PBXFileReference; lastKnownFileType = sourcecode.swift; path = RMCharacterStatus.swift; sourceTree = "<group>"; };
		9895E1C629F265DD00CFB30B /* RMCharacterGender.swift */ = {isa = PBXFileReference; lastKnownFileType = sourcecode.swift; path = RMCharacterGender.swift; sourceTree = "<group>"; };
		9895E1CA29F2866B00CFB30B /* RMGetAllCharactersResponse.swift */ = {isa = PBXFileReference; lastKnownFileType = sourcecode.swift; path = RMGetAllCharactersResponse.swift; sourceTree = "<group>"; };
		9895E1CC29F28DAF00CFB30B /* RMCharacterListViewViewModel.swift */ = {isa = PBXFileReference; lastKnownFileType = sourcecode.swift; path = RMCharacterListViewViewModel.swift; sourceTree = "<group>"; };
		9895E1CE29F2945900CFB30B /* RMCharacterListView.swift */ = {isa = PBXFileReference; lastKnownFileType = sourcecode.swift; path = RMCharacterListView.swift; sourceTree = "<group>"; };
		9895E1D129F61DE900CFB30B /* Extensions.swift */ = {isa = PBXFileReference; lastKnownFileType = sourcecode.swift; path = Extensions.swift; sourceTree = "<group>"; };
		9895E1D329F62E2100CFB30B /* RMCharacterCollectionViewCell.swift */ = {isa = PBXFileReference; lastKnownFileType = sourcecode.swift; path = RMCharacterCollectionViewCell.swift; sourceTree = "<group>"; };
		9895E1D529F62FB600CFB30B /* RMCharacterCollectionViewCellViewModel.swift */ = {isa = PBXFileReference; lastKnownFileType = sourcecode.swift; path = RMCharacterCollectionViewCellViewModel.swift; sourceTree = "<group>"; };
/* End PBXFileReference section */

/* Begin PBXFrameworksBuildPhase section */
		9895E18629F2374000CFB30B /* Frameworks */ = {
			isa = PBXFrameworksBuildPhase;
			buildActionMask = 2147483647;
			files = (
			);
			runOnlyForDeploymentPostprocessing = 0;
		};
/* End PBXFrameworksBuildPhase section */

/* Begin PBXGroup section */
		9895E18029F2374000CFB30B = {
			isa = PBXGroup;
			children = (
				9895E18B29F2374000CFB30B /* RickAndMorty */,
				9895E18A29F2374000CFB30B /* Products */,
			);
			sourceTree = "<group>";
		};
		9895E18A29F2374000CFB30B /* Products */ = {
			isa = PBXGroup;
			children = (
				9895E18929F2374000CFB30B /* RickAndMorty.app */,
			);
			name = Products;
			sourceTree = "<group>";
		};
		9895E18B29F2374000CFB30B /* RickAndMorty */ = {
			isa = PBXGroup;
			children = (
				9895E1A629F23DB200CFB30B /* Resources */,
				9895E1A529F23D9C00CFB30B /* Managers */,
				9895E1A429F23D9500CFB30B /* APIClient */,
				9895E1A329F23D1100CFB30B /* Viewmodels */,
				9895E1A229F23D0900CFB30B /* Views */,
				9895E1A129F23D0300CFB30B /* Models */,
				9895E1A029F23CF100CFB30B /* Controllers */,
				9895E19A29F2374100CFB30B /* Info.plist */,
			);
			path = RickAndMorty;
			sourceTree = "<group>";
		};
		9895E1A029F23CF100CFB30B /* Controllers */ = {
			isa = PBXGroup;
			children = (
				9895E1AD29F23F0A00CFB30B /* Core */,
			);
			path = Controllers;
			sourceTree = "<group>";
		};
		9895E1A129F23D0300CFB30B /* Models */ = {
			isa = PBXGroup;
			children = (
				9895E1C929F2861E00CFB30B /* APIResponseTypes */,
				9895E1C829F2860900CFB30B /* DataTypes */,
			);
			path = Models;
			sourceTree = "<group>";
		};
		9895E1A229F23D0900CFB30B /* Views */ = {
			isa = PBXGroup;
			children = (
				9895E1CE29F2945900CFB30B /* RMCharacterListView.swift */,
				9895E1D329F62E2100CFB30B /* RMCharacterCollectionViewCell.swift */,
			);
			path = Views;
			sourceTree = "<group>";
		};
		9895E1A329F23D1100CFB30B /* Viewmodels */ = {
			isa = PBXGroup;
			children = (
				9895E1CC29F28DAF00CFB30B /* RMCharacterListViewViewModel.swift */,
				9895E1D529F62FB600CFB30B /* RMCharacterCollectionViewCellViewModel.swift */,
			);
			path = Viewmodels;
			sourceTree = "<group>";
		};
		9895E1A429F23D9500CFB30B /* APIClient */ = {
			isa = PBXGroup;
			children = (
				9895E1B829F24B7F00CFB30B /* RMService.swift */,
				9895E1BB29F24BC500CFB30B /* RMRequest.swift */,
				9895E1BD29F24DC800CFB30B /* RMEndpoint.swift */,
			);
			path = APIClient;
			sourceTree = "<group>";
		};
		9895E1A529F23D9C00CFB30B /* Managers */ = {
			isa = PBXGroup;
			children = (
			);
			path = Managers;
			sourceTree = "<group>";
		};
		9895E1A629F23DB200CFB30B /* Resources */ = {
			isa = PBXGroup;
			children = (
				9895E19529F2374100CFB30B /* Assets.xcassets */,
				9895E19729F2374100CFB30B /* LaunchScreen.storyboard */,
				9895E18C29F2374000CFB30B /* AppDelegate.swift */,
				9895E18E29F2374000CFB30B /* SceneDelegate.swift */,
				9895E1D129F61DE900CFB30B /* Extensions.swift */,
			);
			path = Resources;
			sourceTree = "<group>";
		};
		9895E1AD29F23F0A00CFB30B /* Core */ = {
			isa = PBXGroup;
			children = (
				9895E19029F2374000CFB30B /* RMTabBarViewController.swift */,
				9895E1AE29F23F9300CFB30B /* RMCharacterViewController.swift */,
				9895E1B229F23FB700CFB30B /* RMLocationViewController.swift */,
				9895E1B429F23FCA00CFB30B /* RMEpisodeViewController.swift */,
				9895E1B629F23FDD00CFB30B /* RMSettingViewController.swift */,
			);
			path = Core;
			sourceTree = "<group>";
		};
		9895E1C829F2860900CFB30B /* DataTypes */ = {
			isa = PBXGroup;
			children = (
				9895E1A729F23E5700CFB30B /* RMLocation.swift */,
				9895E1A929F23E6E00CFB30B /* RMCharacter.swift */,
				9895E1AB29F23E8400CFB30B /* RMEpisode.swift */,
				9895E1C029F2638100CFB30B /* RMOrigin.swift */,
				9895E1C229F2638E00CFB30B /* RMSingleLocation.swift */,
				9895E1C429F2659300CFB30B /* RMCharacterStatus.swift */,
				9895E1C629F265DD00CFB30B /* RMCharacterGender.swift */,
			);
			path = DataTypes;
			sourceTree = "<group>";
		};
		9895E1C929F2861E00CFB30B /* APIResponseTypes */ = {
			isa = PBXGroup;
			children = (
				9895E1CA29F2866B00CFB30B /* RMGetAllCharactersResponse.swift */,
			);
			path = APIResponseTypes;
			sourceTree = "<group>";
		};
/* End PBXGroup section */

/* Begin PBXNativeTarget section */
		9895E18829F2374000CFB30B /* RickAndMorty */ = {
			isa = PBXNativeTarget;
			buildConfigurationList = 9895E19D29F2374100CFB30B /* Build configuration list for PBXNativeTarget "RickAndMorty" */;
			buildPhases = (
				9895E18529F2374000CFB30B /* Sources */,
				9895E18629F2374000CFB30B /* Frameworks */,
				9895E18729F2374000CFB30B /* Resources */,
			);
			buildRules = (
			);
			dependencies = (
			);
			name = RickAndMorty;
			productName = RickAndMorty;
			productReference = 9895E18929F2374000CFB30B /* RickAndMorty.app */;
			productType = "com.apple.product-type.application";
		};
/* End PBXNativeTarget section */

/* Begin PBXProject section */
		9895E18129F2374000CFB30B /* Project object */ = {
			isa = PBXProject;
			attributes = {
				BuildIndependentTargetsInParallel = 1;
				LastSwiftUpdateCheck = 1430;
				LastUpgradeCheck = 1430;
				TargetAttributes = {
					9895E18829F2374000CFB30B = {
						CreatedOnToolsVersion = 14.3;
					};
				};
			};
			buildConfigurationList = 9895E18429F2374000CFB30B /* Build configuration list for PBXProject "RickAndMorty" */;
			compatibilityVersion = "Xcode 14.0";
			developmentRegion = en;
			hasScannedForEncodings = 0;
			knownRegions = (
				en,
				Base,
			);
			mainGroup = 9895E18029F2374000CFB30B;
			productRefGroup = 9895E18A29F2374000CFB30B /* Products */;
			projectDirPath = "";
			projectRoot = "";
			targets = (
				9895E18829F2374000CFB30B /* RickAndMorty */,
			);
		};
/* End PBXProject section */

/* Begin PBXResourcesBuildPhase section */
		9895E18729F2374000CFB30B /* Resources */ = {
			isa = PBXResourcesBuildPhase;
			buildActionMask = 2147483647;
			files = (
				9895E19929F2374100CFB30B /* LaunchScreen.storyboard in Resources */,
				9895E19629F2374100CFB30B /* Assets.xcassets in Resources */,
			);
			runOnlyForDeploymentPostprocessing = 0;
		};
/* End PBXResourcesBuildPhase section */

/* Begin PBXSourcesBuildPhase section */
		9895E18529F2374000CFB30B /* Sources */ = {
			isa = PBXSourcesBuildPhase;
			buildActionMask = 2147483647;
			files = (
				9895E1C129F2638100CFB30B /* RMOrigin.swift in Sources */,
				9895E1C329F2638E00CFB30B /* RMSingleLocation.swift in Sources */,
				9895E1CF29F2945900CFB30B /* RMCharacterListView.swift in Sources */,
				9895E1CB29F2866B00CFB30B /* RMGetAllCharactersResponse.swift in Sources */,
				9895E1C529F2659300CFB30B /* RMCharacterStatus.swift in Sources */,
				9895E1C729F265DD00CFB30B /* RMCharacterGender.swift in Sources */,
				9895E1B329F23FB700CFB30B /* RMLocationViewController.swift in Sources */,
				9895E1AC29F23E8400CFB30B /* RMEpisode.swift in Sources */,
				9895E19129F2374000CFB30B /* RMTabBarViewController.swift in Sources */,
				9895E1D429F62E2100CFB30B /* RMCharacterCollectionViewCell.swift in Sources */,
				9895E1B529F23FCA00CFB30B /* RMEpisodeViewController.swift in Sources */,
				9895E1B729F23FDE00CFB30B /* RMSettingViewController.swift in Sources */,
				9895E18D29F2374000CFB30B /* AppDelegate.swift in Sources */,
				9895E18F29F2374000CFB30B /* SceneDelegate.swift in Sources */,
				9895E1D229F61DE900CFB30B /* Extensions.swift in Sources */,
				9895E1B929F24B7F00CFB30B /* RMService.swift in Sources */,
				9895E1A829F23E5700CFB30B /* RMLocation.swift in Sources */,
				9895E1BE29F24DC800CFB30B /* RMEndpoint.swift in Sources */,
				9895E1AA29F23E6E00CFB30B /* RMCharacter.swift in Sources */,
				9895E1D629F62FB600CFB30B /* RMCharacterCollectionViewCellViewModel.swift in Sources */,
				9895E1BC29F24BC500CFB30B /* RMRequest.swift in Sources */,
				9895E1CD29F28DAF00CFB30B /* RMCharacterListViewViewModel.swift in Sources */,
				9895E1B029F23F9300CFB30B /* RMCharacterViewController.swift in Sources */,
			);
			runOnlyForDeploymentPostprocessing = 0;
		};
/* End PBXSourcesBuildPhase section */

/* Begin PBXVariantGroup section */
		9895E19729F2374100CFB30B /* LaunchScreen.storyboard */ = {
			isa = PBXVariantGroup;
			children = (
				9895E19829F2374100CFB30B /* Base */,
			);
			name = LaunchScreen.storyboard;
			sourceTree = "<group>";
		};
/* End PBXVariantGroup section */

/* Begin XCBuildConfiguration section */
		9895E19B29F2374100CFB30B /* Debug */ = {
			isa = XCBuildConfiguration;
			buildSettings = {
				ALWAYS_SEARCH_USER_PATHS = NO;
				CLANG_ANALYZER_NONNULL = YES;
				CLANG_ANALYZER_NUMBER_OBJECT_CONVERSION = YES_AGGRESSIVE;
				CLANG_CXX_LANGUAGE_STANDARD = "gnu++20";
				CLANG_ENABLE_MODULES = YES;
				CLANG_ENABLE_OBJC_ARC = YES;
				CLANG_ENABLE_OBJC_WEAK = YES;
				CLANG_WARN_BLOCK_CAPTURE_AUTORELEASING = YES;
				CLANG_WARN_BOOL_CONVERSION = YES;
				CLANG_WARN_COMMA = YES;
				CLANG_WARN_CONSTANT_CONVERSION = YES;
				CLANG_WARN_DEPRECATED_OBJC_IMPLEMENTATIONS = YES;
				CLANG_WARN_DIRECT_OBJC_ISA_USAGE = YES_ERROR;
				CLANG_WARN_DOCUMENTATION_COMMENTS = YES;
				CLANG_WARN_EMPTY_BODY = YES;
				CLANG_WARN_ENUM_CONVERSION = YES;
				CLANG_WARN_INFINITE_RECURSION = YES;
				CLANG_WARN_INT_CONVERSION = YES;
				CLANG_WARN_NON_LITERAL_NULL_CONVERSION = YES;
				CLANG_WARN_OBJC_IMPLICIT_RETAIN_SELF = YES;
				CLANG_WARN_OBJC_LITERAL_CONVERSION = YES;
				CLANG_WARN_OBJC_ROOT_CLASS = YES_ERROR;
				CLANG_WARN_QUOTED_INCLUDE_IN_FRAMEWORK_HEADER = YES;
				CLANG_WARN_RANGE_LOOP_ANALYSIS = YES;
				CLANG_WARN_STRICT_PROTOTYPES = YES;
				CLANG_WARN_SUSPICIOUS_MOVE = YES;
				CLANG_WARN_UNGUARDED_AVAILABILITY = YES_AGGRESSIVE;
				CLANG_WARN_UNREACHABLE_CODE = YES;
				CLANG_WARN__DUPLICATE_METHOD_MATCH = YES;
				COPY_PHASE_STRIP = NO;
				DEBUG_INFORMATION_FORMAT = dwarf;
				ENABLE_STRICT_OBJC_MSGSEND = YES;
				ENABLE_TESTABILITY = YES;
				GCC_C_LANGUAGE_STANDARD = gnu11;
				GCC_DYNAMIC_NO_PIC = NO;
				GCC_NO_COMMON_BLOCKS = YES;
				GCC_OPTIMIZATION_LEVEL = 0;
				GCC_PREPROCESSOR_DEFINITIONS = (
					"DEBUG=1",
					"$(inherited)",
				);
				GCC_WARN_64_TO_32_BIT_CONVERSION = YES;
				GCC_WARN_ABOUT_RETURN_TYPE = YES_ERROR;
				GCC_WARN_UNDECLARED_SELECTOR = YES;
				GCC_WARN_UNINITIALIZED_AUTOS = YES_AGGRESSIVE;
				GCC_WARN_UNUSED_FUNCTION = YES;
				GCC_WARN_UNUSED_VARIABLE = YES;
				IPHONEOS_DEPLOYMENT_TARGET = 16.4;
				MTL_ENABLE_DEBUG_INFO = INCLUDE_SOURCE;
				MTL_FAST_MATH = YES;
				ONLY_ACTIVE_ARCH = YES;
				SDKROOT = iphoneos;
				SWIFT_ACTIVE_COMPILATION_CONDITIONS = DEBUG;
				SWIFT_OPTIMIZATION_LEVEL = "-Onone";
			};
			name = Debug;
		};
		9895E19C29F2374100CFB30B /* Release */ = {
			isa = XCBuildConfiguration;
			buildSettings = {
				ALWAYS_SEARCH_USER_PATHS = NO;
				CLANG_ANALYZER_NONNULL = YES;
				CLANG_ANALYZER_NUMBER_OBJECT_CONVERSION = YES_AGGRESSIVE;
				CLANG_CXX_LANGUAGE_STANDARD = "gnu++20";
				CLANG_ENABLE_MODULES = YES;
				CLANG_ENABLE_OBJC_ARC = YES;
				CLANG_ENABLE_OBJC_WEAK = YES;
				CLANG_WARN_BLOCK_CAPTURE_AUTORELEASING = YES;
				CLANG_WARN_BOOL_CONVERSION = YES;
				CLANG_WARN_COMMA = YES;
				CLANG_WARN_CONSTANT_CONVERSION = YES;
				CLANG_WARN_DEPRECATED_OBJC_IMPLEMENTATIONS = YES;
				CLANG_WARN_DIRECT_OBJC_ISA_USAGE = YES_ERROR;
				CLANG_WARN_DOCUMENTATION_COMMENTS = YES;
				CLANG_WARN_EMPTY_BODY = YES;
				CLANG_WARN_ENUM_CONVERSION = YES;
				CLANG_WARN_INFINITE_RECURSION = YES;
				CLANG_WARN_INT_CONVERSION = YES;
				CLANG_WARN_NON_LITERAL_NULL_CONVERSION = YES;
				CLANG_WARN_OBJC_IMPLICIT_RETAIN_SELF = YES;
				CLANG_WARN_OBJC_LITERAL_CONVERSION = YES;
				CLANG_WARN_OBJC_ROOT_CLASS = YES_ERROR;
				CLANG_WARN_QUOTED_INCLUDE_IN_FRAMEWORK_HEADER = YES;
				CLANG_WARN_RANGE_LOOP_ANALYSIS = YES;
				CLANG_WARN_STRICT_PROTOTYPES = YES;
				CLANG_WARN_SUSPICIOUS_MOVE = YES;
				CLANG_WARN_UNGUARDED_AVAILABILITY = YES_AGGRESSIVE;
				CLANG_WARN_UNREACHABLE_CODE = YES;
				CLANG_WARN__DUPLICATE_METHOD_MATCH = YES;
				COPY_PHASE_STRIP = NO;
				DEBUG_INFORMATION_FORMAT = "dwarf-with-dsym";
				ENABLE_NS_ASSERTIONS = NO;
				ENABLE_STRICT_OBJC_MSGSEND = YES;
				GCC_C_LANGUAGE_STANDARD = gnu11;
				GCC_NO_COMMON_BLOCKS = YES;
				GCC_WARN_64_TO_32_BIT_CONVERSION = YES;
				GCC_WARN_ABOUT_RETURN_TYPE = YES_ERROR;
				GCC_WARN_UNDECLARED_SELECTOR = YES;
				GCC_WARN_UNINITIALIZED_AUTOS = YES_AGGRESSIVE;
				GCC_WARN_UNUSED_FUNCTION = YES;
				GCC_WARN_UNUSED_VARIABLE = YES;
				IPHONEOS_DEPLOYMENT_TARGET = 16.4;
				MTL_ENABLE_DEBUG_INFO = NO;
				MTL_FAST_MATH = YES;
				SDKROOT = iphoneos;
				SWIFT_COMPILATION_MODE = wholemodule;
				SWIFT_OPTIMIZATION_LEVEL = "-O";
				VALIDATE_PRODUCT = YES;
			};
			name = Release;
		};
		9895E19E29F2374100CFB30B /* Debug */ = {
			isa = XCBuildConfiguration;
			buildSettings = {
				ASSETCATALOG_COMPILER_APPICON_NAME = AppIcon;
				ASSETCATALOG_COMPILER_GLOBAL_ACCENT_COLOR_NAME = AccentColor;
				CODE_SIGN_STYLE = Automatic;
				CURRENT_PROJECT_VERSION = 1;
				DEVELOPMENT_TEAM = AN6T795X8V;
				GENERATE_INFOPLIST_FILE = YES;
				INFOPLIST_FILE = RickAndMorty/Info.plist;
				INFOPLIST_KEY_UIApplicationSupportsIndirectInputEvents = YES;
				INFOPLIST_KEY_UILaunchStoryboardName = LaunchScreen;
				INFOPLIST_KEY_UISupportedInterfaceOrientations_iPad = "UIInterfaceOrientationPortrait UIInterfaceOrientationPortraitUpsideDown UIInterfaceOrientationLandscapeLeft UIInterfaceOrientationLandscapeRight";
				INFOPLIST_KEY_UISupportedInterfaceOrientations_iPhone = "UIInterfaceOrientationPortrait UIInterfaceOrientationLandscapeLeft UIInterfaceOrientationLandscapeRight";
				LD_RUNPATH_SEARCH_PATHS = (
					"$(inherited)",
					"@executable_path/Frameworks",
				);
				MARKETING_VERSION = 1.0;
				PRODUCT_BUNDLE_IDENTIFIER = traning.practice.RickAndMorty;
				PRODUCT_NAME = "$(TARGET_NAME)";
				SWIFT_EMIT_LOC_STRINGS = YES;
				SWIFT_VERSION = 5.0;
				TARGETED_DEVICE_FAMILY = "1,2";
			};
			name = Debug;
		};
		9895E19F29F2374100CFB30B /* Release */ = {
			isa = XCBuildConfiguration;
			buildSettings = {
				ASSETCATALOG_COMPILER_APPICON_NAME = AppIcon;
				ASSETCATALOG_COMPILER_GLOBAL_ACCENT_COLOR_NAME = AccentColor;
				CODE_SIGN_STYLE = Automatic;
				CURRENT_PROJECT_VERSION = 1;
				DEVELOPMENT_TEAM = AN6T795X8V;
				GENERATE_INFOPLIST_FILE = YES;
				INFOPLIST_FILE = RickAndMorty/Info.plist;
				INFOPLIST_KEY_UIApplicationSupportsIndirectInputEvents = YES;
				INFOPLIST_KEY_UILaunchStoryboardName = LaunchScreen;
				INFOPLIST_KEY_UISupportedInterfaceOrientations_iPad = "UIInterfaceOrientationPortrait UIInterfaceOrientationPortraitUpsideDown UIInterfaceOrientationLandscapeLeft UIInterfaceOrientationLandscapeRight";
				INFOPLIST_KEY_UISupportedInterfaceOrientations_iPhone = "UIInterfaceOrientationPortrait UIInterfaceOrientationLandscapeLeft UIInterfaceOrientationLandscapeRight";
				LD_RUNPATH_SEARCH_PATHS = (
					"$(inherited)",
					"@executable_path/Frameworks",
				);
				MARKETING_VERSION = 1.0;
				PRODUCT_BUNDLE_IDENTIFIER = traning.practice.RickAndMorty;
				PRODUCT_NAME = "$(TARGET_NAME)";
				SWIFT_EMIT_LOC_STRINGS = YES;
				SWIFT_VERSION = 5.0;
				TARGETED_DEVICE_FAMILY = "1,2";
			};
			name = Release;
		};
/* End XCBuildConfiguration section */

/* Begin XCConfigurationList section */
		9895E18429F2374000CFB30B /* Build configuration list for PBXProject "RickAndMorty" */ = {
			isa = XCConfigurationList;
			buildConfigurations = (
				9895E19B29F2374100CFB30B /* Debug */,
				9895E19C29F2374100CFB30B /* Release */,
			);
			defaultConfigurationIsVisible = 0;
			defaultConfigurationName = Release;
		};
		9895E19D29F2374100CFB30B /* Build configuration list for PBXNativeTarget "RickAndMorty" */ = {
			isa = XCConfigurationList;
			buildConfigurations = (
				9895E19E29F2374100CFB30B /* Debug */,
				9895E19F29F2374100CFB30B /* Release */,
			);
			defaultConfigurationIsVisible = 0;
			defaultConfigurationName = Release;
		};
/* End XCConfigurationList section */
	};
	rootObject = 9895E18129F2374000CFB30B /* Project object */;
}
